// !$*UTF8*$!
{
	archiveVersion = 1;
	classes = {
	};
	objectVersion = 56;
	objects = {

/* Begin PBXBuildFile section */
		FF3035332A7AD7B90054A5CD /* ContributorMediumView.swift in Sources */ = {isa = PBXBuildFile; fileRef = FF3035322A7AD7B90054A5CD /* ContributorMediumView.swift */; };
		FF3035352A7AD8CC0054A5CD /* Contributor.swift in Sources */ = {isa = PBXBuildFile; fileRef = FF3035342A7AD8CC0054A5CD /* Contributor.swift */; };
		FF3035372A7AD9F50054A5CD /* Repository.swift in Sources */ = {isa = PBXBuildFile; fileRef = FFE316B62A61DDC5000432BC /* Repository.swift */; };
		FF3035382A7AD9FF0054A5CD /* Contributor.swift in Sources */ = {isa = PBXBuildFile; fileRef = FF3035342A7AD8CC0054A5CD /* Contributor.swift */; };
		FFBA618B2A620D5A006F525D /* WidgetBundle.swift in Sources */ = {isa = PBXBuildFile; fileRef = FFBA618A2A620D5A006F525D /* WidgetBundle.swift */; };
		FFBA618D2A6211C0006F525D /* ContributorWidget.swift in Sources */ = {isa = PBXBuildFile; fileRef = FFBA618C2A6211C0006F525D /* ContributorWidget.swift */; };
		FFE316902A61D66F000432BC /* RepoWatcherApp.swift in Sources */ = {isa = PBXBuildFile; fileRef = FFE3168F2A61D66F000432BC /* RepoWatcherApp.swift */; };
		FFE316922A61D66F000432BC /* ContentView.swift in Sources */ = {isa = PBXBuildFile; fileRef = FFE316912A61D66F000432BC /* ContentView.swift */; };
		FFE316942A61D671000432BC /* Assets.xcassets in Resources */ = {isa = PBXBuildFile; fileRef = FFE316932A61D671000432BC /* Assets.xcassets */; };
		FFE316972A61D671000432BC /* Preview Assets.xcassets in Resources */ = {isa = PBXBuildFile; fileRef = FFE316962A61D671000432BC /* Preview Assets.xcassets */; };
		FFE316A42A61D6A2000432BC /* WidgetKit.framework in Frameworks */ = {isa = PBXBuildFile; fileRef = FFE316A32A61D6A2000432BC /* WidgetKit.framework */; };
		FFE316A62A61D6A2000432BC /* SwiftUI.framework in Frameworks */ = {isa = PBXBuildFile; fileRef = FFE316A52A61D6A2000432BC /* SwiftUI.framework */; };
		FFE316AB2A61D6A2000432BC /* CompactRepoWidget.swift in Sources */ = {isa = PBXBuildFile; fileRef = FFE316AA2A61D6A2000432BC /* CompactRepoWidget.swift */; };
		FFE316AD2A61D6A4000432BC /* Assets.xcassets in Resources */ = {isa = PBXBuildFile; fileRef = FFE316AC2A61D6A4000432BC /* Assets.xcassets */; };
		FFE316B12A61D6A4000432BC /* RepoWatcherWidgetExtension.appex in Embed Foundation Extensions */ = {isa = PBXBuildFile; fileRef = FFE316A12A61D6A2000432BC /* RepoWatcherWidgetExtension.appex */; settings = {ATTRIBUTES = (RemoveHeadersOnCopy, ); }; };
		FFE316B72A61DDC5000432BC /* Repository.swift in Sources */ = {isa = PBXBuildFile; fileRef = FFE316B62A61DDC5000432BC /* Repository.swift */; };
		FFE316BA2A61EA69000432BC /* NetworkManager.swift in Sources */ = {isa = PBXBuildFile; fileRef = FFE316B92A61EA69000432BC /* NetworkManager.swift */; };
		FFE316BB2A61EA69000432BC /* NetworkManager.swift in Sources */ = {isa = PBXBuildFile; fileRef = FFE316B92A61EA69000432BC /* NetworkManager.swift */; };
		FFE316BD2A61F6D2000432BC /* RepoMediumView.swift in Sources */ = {isa = PBXBuildFile; fileRef = FFE316BC2A61F6D2000432BC /* RepoMediumView.swift */; };
		FFE316BF2A61FE67000432BC /* MockData.swift in Sources */ = {isa = PBXBuildFile; fileRef = FFE316BE2A61FE67000432BC /* MockData.swift */; };
/* End PBXBuildFile section */

/* Begin PBXContainerItemProxy section */
		FFE316AF2A61D6A4000432BC /* PBXContainerItemProxy */ = {
			isa = PBXContainerItemProxy;
			containerPortal = FFE316842A61D66F000432BC /* Project object */;
			proxyType = 1;
			remoteGlobalIDString = FFE316A02A61D6A2000432BC;
			remoteInfo = RepoWatcherWidgetExtension;
		};
/* End PBXContainerItemProxy section */

/* Begin PBXCopyFilesBuildPhase section */
		FFE316B52A61D6A4000432BC /* Embed Foundation Extensions */ = {
			isa = PBXCopyFilesBuildPhase;
			buildActionMask = 2147483647;
			dstPath = "";
			dstSubfolderSpec = 13;
			files = (
				FFE316B12A61D6A4000432BC /* RepoWatcherWidgetExtension.appex in Embed Foundation Extensions */,
			);
			name = "Embed Foundation Extensions";
			runOnlyForDeploymentPostprocessing = 0;
		};
/* End PBXCopyFilesBuildPhase section */

/* Begin PBXFileReference section */
		FF3035322A7AD7B90054A5CD /* ContributorMediumView.swift */ = {isa = PBXFileReference; lastKnownFileType = sourcecode.swift; path = ContributorMediumView.swift; sourceTree = "<group>"; };
		FF3035342A7AD8CC0054A5CD /* Contributor.swift */ = {isa = PBXFileReference; lastKnownFileType = sourcecode.swift; name = Contributor.swift; path = RepoWatcher/Contributor.swift; sourceTree = SOURCE_ROOT; };
		FFBA618A2A620D5A006F525D /* WidgetBundle.swift */ = {isa = PBXFileReference; lastKnownFileType = sourcecode.swift; path = WidgetBundle.swift; sourceTree = "<group>"; };
		FFBA618C2A6211C0006F525D /* ContributorWidget.swift */ = {isa = PBXFileReference; lastKnownFileType = sourcecode.swift; path = ContributorWidget.swift; sourceTree = "<group>"; };
		FFE3168C2A61D66F000432BC /* RepoWatcher.app */ = {isa = PBXFileReference; explicitFileType = wrapper.application; includeInIndex = 0; path = RepoWatcher.app; sourceTree = BUILT_PRODUCTS_DIR; };
		FFE3168F2A61D66F000432BC /* RepoWatcherApp.swift */ = {isa = PBXFileReference; lastKnownFileType = sourcecode.swift; path = RepoWatcherApp.swift; sourceTree = "<group>"; };
		FFE316912A61D66F000432BC /* ContentView.swift */ = {isa = PBXFileReference; lastKnownFileType = sourcecode.swift; path = ContentView.swift; sourceTree = "<group>"; };
		FFE316932A61D671000432BC /* Assets.xcassets */ = {isa = PBXFileReference; lastKnownFileType = folder.assetcatalog; path = Assets.xcassets; sourceTree = "<group>"; };
		FFE316962A61D671000432BC /* Preview Assets.xcassets */ = {isa = PBXFileReference; lastKnownFileType = folder.assetcatalog; path = "Preview Assets.xcassets"; sourceTree = "<group>"; };
		FFE316A12A61D6A2000432BC /* RepoWatcherWidgetExtension.appex */ = {isa = PBXFileReference; explicitFileType = "wrapper.app-extension"; includeInIndex = 0; path = RepoWatcherWidgetExtension.appex; sourceTree = BUILT_PRODUCTS_DIR; };
		FFE316A32A61D6A2000432BC /* WidgetKit.framework */ = {isa = PBXFileReference; lastKnownFileType = wrapper.framework; name = WidgetKit.framework; path = System/Library/Frameworks/WidgetKit.framework; sourceTree = SDKROOT; };
		FFE316A52A61D6A2000432BC /* SwiftUI.framework */ = {isa = PBXFileReference; lastKnownFileType = wrapper.framework; name = SwiftUI.framework; path = System/Library/Frameworks/SwiftUI.framework; sourceTree = SDKROOT; };
		FFE316AA2A61D6A2000432BC /* CompactRepoWidget.swift */ = {isa = PBXFileReference; lastKnownFileType = sourcecode.swift; path = CompactRepoWidget.swift; sourceTree = "<group>"; };
		FFE316AC2A61D6A4000432BC /* Assets.xcassets */ = {isa = PBXFileReference; lastKnownFileType = folder.assetcatalog; path = Assets.xcassets; sourceTree = "<group>"; };
		FFE316AE2A61D6A4000432BC /* Info.plist */ = {isa = PBXFileReference; lastKnownFileType = text.plist.xml; path = Info.plist; sourceTree = "<group>"; };
		FFE316B62A61DDC5000432BC /* Repository.swift */ = {isa = PBXFileReference; lastKnownFileType = sourcecode.swift; path = Repository.swift; sourceTree = "<group>"; };
		FFE316B92A61EA69000432BC /* NetworkManager.swift */ = {isa = PBXFileReference; lastKnownFileType = sourcecode.swift; path = NetworkManager.swift; sourceTree = "<group>"; };
		FFE316BC2A61F6D2000432BC /* RepoMediumView.swift */ = {isa = PBXFileReference; lastKnownFileType = sourcecode.swift; path = RepoMediumView.swift; sourceTree = "<group>"; };
		FFE316BE2A61FE67000432BC /* MockData.swift */ = {isa = PBXFileReference; lastKnownFileType = sourcecode.swift; path = MockData.swift; sourceTree = "<group>"; };
/* End PBXFileReference section */

/* Begin PBXFrameworksBuildPhase section */
		FFE316892A61D66F000432BC /* Frameworks */ = {
			isa = PBXFrameworksBuildPhase;
			buildActionMask = 2147483647;
			files = (
			);
			runOnlyForDeploymentPostprocessing = 0;
		};
		FFE3169E2A61D6A2000432BC /* Frameworks */ = {
			isa = PBXFrameworksBuildPhase;
			buildActionMask = 2147483647;
			files = (
				FFE316A62A61D6A2000432BC /* SwiftUI.framework in Frameworks */,
				FFE316A42A61D6A2000432BC /* WidgetKit.framework in Frameworks */,
			);
			runOnlyForDeploymentPostprocessing = 0;
		};
/* End PBXFrameworksBuildPhase section */

/* Begin PBXGroup section */
		FFE316832A61D66F000432BC = {
			isa = PBXGroup;
			children = (
				FFE3168E2A61D66F000432BC /* RepoWatcher */,
				FFE316A72A61D6A2000432BC /* RepoWatcherWidget */,
				FFE316A22A61D6A2000432BC /* Frameworks */,
				FFE3168D2A61D66F000432BC /* Products */,
			);
			sourceTree = "<group>";
		};
		FFE3168D2A61D66F000432BC /* Products */ = {
			isa = PBXGroup;
			children = (
				FFE3168C2A61D66F000432BC /* RepoWatcher.app */,
				FFE316A12A61D6A2000432BC /* RepoWatcherWidgetExtension.appex */,
			);
			name = Products;
			sourceTree = "<group>";
		};
		FFE3168E2A61D66F000432BC /* RepoWatcher */ = {
			isa = PBXGroup;
			children = (
				FFE3168F2A61D66F000432BC /* RepoWatcherApp.swift */,
				FFE316912A61D66F000432BC /* ContentView.swift */,
				FF3035342A7AD8CC0054A5CD /* Contributor.swift */,
				FFE316B62A61DDC5000432BC /* Repository.swift */,
				FFE316932A61D671000432BC /* Assets.xcassets */,
				FFE316952A61D671000432BC /* Preview Content */,
			);
			path = RepoWatcher;
			sourceTree = "<group>";
		};
		FFE316952A61D671000432BC /* Preview Content */ = {
			isa = PBXGroup;
			children = (
				FFE316962A61D671000432BC /* Preview Assets.xcassets */,
			);
			path = "Preview Content";
			sourceTree = "<group>";
		};
		FFE316A22A61D6A2000432BC /* Frameworks */ = {
			isa = PBXGroup;
			children = (
				FFE316A32A61D6A2000432BC /* WidgetKit.framework */,
				FFE316A52A61D6A2000432BC /* SwiftUI.framework */,
			);
			name = Frameworks;
			sourceTree = "<group>";
		};
		FFE316A72A61D6A2000432BC /* RepoWatcherWidget */ = {
			isa = PBXGroup;
			children = (
				FFBA618A2A620D5A006F525D /* WidgetBundle.swift */,
				FFE316AA2A61D6A2000432BC /* CompactRepoWidget.swift */,
				FFBA618C2A6211C0006F525D /* ContributorWidget.swift */,
				FFE316BC2A61F6D2000432BC /* RepoMediumView.swift */,
				FF3035322A7AD7B90054A5CD /* ContributorMediumView.swift */,
				FFE316B92A61EA69000432BC /* NetworkManager.swift */,
				FFE316BE2A61FE67000432BC /* MockData.swift */,
				FFE316AC2A61D6A4000432BC /* Assets.xcassets */,
				FFE316AE2A61D6A4000432BC /* Info.plist */,
			);
			path = RepoWatcherWidget;
			sourceTree = "<group>";
		};
/* End PBXGroup section */

/* Begin PBXNativeTarget section */
		FFE3168B2A61D66F000432BC /* RepoWatcher */ = {
			isa = PBXNativeTarget;
			buildConfigurationList = FFE3169A2A61D671000432BC /* Build configuration list for PBXNativeTarget "RepoWatcher" */;
			buildPhases = (
				FFE316882A61D66F000432BC /* Sources */,
				FFE316892A61D66F000432BC /* Frameworks */,
				FFE3168A2A61D66F000432BC /* Resources */,
				FFE316B52A61D6A4000432BC /* Embed Foundation Extensions */,
			);
			buildRules = (
			);
			dependencies = (
				FFE316B02A61D6A4000432BC /* PBXTargetDependency */,
			);
			name = RepoWatcher;
			productName = RepoWatcher;
			productReference = FFE3168C2A61D66F000432BC /* RepoWatcher.app */;
			productType = "com.apple.product-type.application";
		};
		FFE316A02A61D6A2000432BC /* RepoWatcherWidgetExtension */ = {
			isa = PBXNativeTarget;
			buildConfigurationList = FFE316B22A61D6A4000432BC /* Build configuration list for PBXNativeTarget "RepoWatcherWidgetExtension" */;
			buildPhases = (
				FFE3169D2A61D6A2000432BC /* Sources */,
				FFE3169E2A61D6A2000432BC /* Frameworks */,
				FFE3169F2A61D6A2000432BC /* Resources */,
			);
			buildRules = (
			);
			dependencies = (
			);
			name = RepoWatcherWidgetExtension;
			productName = RepoWatcherWidgetExtension;
			productReference = FFE316A12A61D6A2000432BC /* RepoWatcherWidgetExtension.appex */;
			productType = "com.apple.product-type.app-extension";
		};
/* End PBXNativeTarget section */

/* Begin PBXProject section */
		FFE316842A61D66F000432BC /* Project object */ = {
			isa = PBXProject;
			attributes = {
				BuildIndependentTargetsInParallel = 1;
				LastSwiftUpdateCheck = 1430;
				LastUpgradeCheck = 1430;
				TargetAttributes = {
					FFE3168B2A61D66F000432BC = {
						CreatedOnToolsVersion = 14.3.1;
					};
					FFE316A02A61D6A2000432BC = {
						CreatedOnToolsVersion = 14.3.1;
					};
				};
			};
			buildConfigurationList = FFE316872A61D66F000432BC /* Build configuration list for PBXProject "RepoWatcher" */;
			compatibilityVersion = "Xcode 14.0";
			developmentRegion = en;
			hasScannedForEncodings = 0;
			knownRegions = (
				en,
				Base,
			);
			mainGroup = FFE316832A61D66F000432BC;
			productRefGroup = FFE3168D2A61D66F000432BC /* Products */;
			projectDirPath = "";
			projectRoot = "";
			targets = (
				FFE3168B2A61D66F000432BC /* RepoWatcher */,
				FFE316A02A61D6A2000432BC /* RepoWatcherWidgetExtension */,
			);
		};
/* End PBXProject section */

/* Begin PBXResourcesBuildPhase section */
		FFE3168A2A61D66F000432BC /* Resources */ = {
			isa = PBXResourcesBuildPhase;
			buildActionMask = 2147483647;
			files = (
				FFE316972A61D671000432BC /* Preview Assets.xcassets in Resources */,
				FFE316942A61D671000432BC /* Assets.xcassets in Resources */,
			);
			runOnlyForDeploymentPostprocessing = 0;
		};
		FFE3169F2A61D6A2000432BC /* Resources */ = {
			isa = PBXResourcesBuildPhase;
			buildActionMask = 2147483647;
			files = (
				FFE316AD2A61D6A4000432BC /* Assets.xcassets in Resources */,
			);
			runOnlyForDeploymentPostprocessing = 0;
		};
/* End PBXResourcesBuildPhase section */

/* Begin PBXSourcesBuildPhase section */
		FFE316882A61D66F000432BC /* Sources */ = {
			isa = PBXSourcesBuildPhase;
			buildActionMask = 2147483647;
			files = (
				FFE316BA2A61EA69000432BC /* NetworkManager.swift in Sources */,
				FF3035352A7AD8CC0054A5CD /* Contributor.swift in Sources */,
				FFE316922A61D66F000432BC /* ContentView.swift in Sources */,
				FFE316902A61D66F000432BC /* RepoWatcherApp.swift in Sources */,
				FFE316B72A61DDC5000432BC /* Repository.swift in Sources */,
			);
			runOnlyForDeploymentPostprocessing = 0;
		};
		FFE3169D2A61D6A2000432BC /* Sources */ = {
			isa = PBXSourcesBuildPhase;
			buildActionMask = 2147483647;
			files = (
				FFBA618D2A6211C0006F525D /* ContributorWidget.swift in Sources */,
				FF3035382A7AD9FF0054A5CD /* Contributor.swift in Sources */,
				FFE316BB2A61EA69000432BC /* NetworkManager.swift in Sources */,
				FFE316BF2A61FE67000432BC /* MockData.swift in Sources */,
				FF3035372A7AD9F50054A5CD /* Repository.swift in Sources */,
				FFE316BD2A61F6D2000432BC /* RepoMediumView.swift in Sources */,
				FFE316AB2A61D6A2000432BC /* CompactRepoWidget.swift in Sources */,
				FF3035332A7AD7B90054A5CD /* ContributorMediumView.swift in Sources */,
				FFBA618B2A620D5A006F525D /* WidgetBundle.swift in Sources */,
			);
			runOnlyForDeploymentPostprocessing = 0;
		};
/* End PBXSourcesBuildPhase section */

/* Begin PBXTargetDependency section */
		FFE316B02A61D6A4000432BC /* PBXTargetDependency */ = {
			isa = PBXTargetDependency;
			target = FFE316A02A61D6A2000432BC /* RepoWatcherWidgetExtension */;
			targetProxy = FFE316AF2A61D6A4000432BC /* PBXContainerItemProxy */;
		};
/* End PBXTargetDependency section */

/* Begin XCBuildConfiguration section */
		FFE316982A61D671000432BC /* Debug */ = {
			isa = XCBuildConfiguration;
			buildSettings = {
				ALWAYS_SEARCH_USER_PATHS = NO;
				CLANG_ANALYZER_NONNULL = YES;
				CLANG_ANALYZER_NUMBER_OBJECT_CONVERSION = YES_AGGRESSIVE;
				CLANG_CXX_LANGUAGE_STANDARD = "gnu++20";
				CLANG_ENABLE_MODULES = YES;
				CLANG_ENABLE_OBJC_ARC = YES;
				CLANG_ENABLE_OBJC_WEAK = YES;
				CLANG_WARN_BLOCK_CAPTURE_AUTORELEASING = YES;
				CLANG_WARN_BOOL_CONVERSION = YES;
				CLANG_WARN_COMMA = YES;
				CLANG_WARN_CONSTANT_CONVERSION = YES;
				CLANG_WARN_DEPRECATED_OBJC_IMPLEMENTATIONS = YES;
				CLANG_WARN_DIRECT_OBJC_ISA_USAGE = YES_ERROR;
				CLANG_WARN_DOCUMENTATION_COMMENTS = YES;
				CLANG_WARN_EMPTY_BODY = YES;
				CLANG_WARN_ENUM_CONVERSION = YES;
				CLANG_WARN_INFINITE_RECURSION = YES;
				CLANG_WARN_INT_CONVERSION = YES;
				CLANG_WARN_NON_LITERAL_NULL_CONVERSION = YES;
				CLANG_WARN_OBJC_IMPLICIT_RETAIN_SELF = YES;
				CLANG_WARN_OBJC_LITERAL_CONVERSION = YES;
				CLANG_WARN_OBJC_ROOT_CLASS = YES_ERROR;
				CLANG_WARN_QUOTED_INCLUDE_IN_FRAMEWORK_HEADER = YES;
				CLANG_WARN_RANGE_LOOP_ANALYSIS = YES;
				CLANG_WARN_STRICT_PROTOTYPES = YES;
				CLANG_WARN_SUSPICIOUS_MOVE = YES;
				CLANG_WARN_UNGUARDED_AVAILABILITY = YES_AGGRESSIVE;
				CLANG_WARN_UNREACHABLE_CODE = YES;
				CLANG_WARN__DUPLICATE_METHOD_MATCH = YES;
				COPY_PHASE_STRIP = NO;
				DEBUG_INFORMATION_FORMAT = dwarf;
				ENABLE_STRICT_OBJC_MSGSEND = YES;
				ENABLE_TESTABILITY = YES;
				GCC_C_LANGUAGE_STANDARD = gnu11;
				GCC_DYNAMIC_NO_PIC = NO;
				GCC_NO_COMMON_BLOCKS = YES;
				GCC_OPTIMIZATION_LEVEL = 0;
				GCC_PREPROCESSOR_DEFINITIONS = (
					"DEBUG=1",
					"$(inherited)",
				);
				GCC_WARN_64_TO_32_BIT_CONVERSION = YES;
				GCC_WARN_ABOUT_RETURN_TYPE = YES_ERROR;
				GCC_WARN_UNDECLARED_SELECTOR = YES;
				GCC_WARN_UNINITIALIZED_AUTOS = YES_AGGRESSIVE;
				GCC_WARN_UNUSED_FUNCTION = YES;
				GCC_WARN_UNUSED_VARIABLE = YES;
				IPHONEOS_DEPLOYMENT_TARGET = 16.4;
				MTL_ENABLE_DEBUG_INFO = INCLUDE_SOURCE;
				MTL_FAST_MATH = YES;
				ONLY_ACTIVE_ARCH = YES;
				SDKROOT = iphoneos;
				SWIFT_ACTIVE_COMPILATION_CONDITIONS = DEBUG;
				SWIFT_OPTIMIZATION_LEVEL = "-Onone";
			};
			name = Debug;
		};
		FFE316992A61D671000432BC /* Release */ = {
			isa = XCBuildConfiguration;
			buildSettings = {
				ALWAYS_SEARCH_USER_PATHS = NO;
				CLANG_ANALYZER_NONNULL = YES;
				CLANG_ANALYZER_NUMBER_OBJECT_CONVERSION = YES_AGGRESSIVE;
				CLANG_CXX_LANGUAGE_STANDARD = "gnu++20";
				CLANG_ENABLE_MODULES = YES;
				CLANG_ENABLE_OBJC_ARC = YES;
				CLANG_ENABLE_OBJC_WEAK = YES;
				CLANG_WARN_BLOCK_CAPTURE_AUTORELEASING = YES;
				CLANG_WARN_BOOL_CONVERSION = YES;
				CLANG_WARN_COMMA = YES;
				CLANG_WARN_CONSTANT_CONVERSION = YES;
				CLANG_WARN_DEPRECATED_OBJC_IMPLEMENTATIONS = YES;
				CLANG_WARN_DIRECT_OBJC_ISA_USAGE = YES_ERROR;
				CLANG_WARN_DOCUMENTATION_COMMENTS = YES;
				CLANG_WARN_EMPTY_BODY = YES;
				CLANG_WARN_ENUM_CONVERSION = YES;
				CLANG_WARN_INFINITE_RECURSION = YES;
				CLANG_WARN_INT_CONVERSION = YES;
				CLANG_WARN_NON_LITERAL_NULL_CONVERSION = YES;
				CLANG_WARN_OBJC_IMPLICIT_RETAIN_SELF = YES;
				CLANG_WARN_OBJC_LITERAL_CONVERSION = YES;
				CLANG_WARN_OBJC_ROOT_CLASS = YES_ERROR;
				CLANG_WARN_QUOTED_INCLUDE_IN_FRAMEWORK_HEADER = YES;
				CLANG_WARN_RANGE_LOOP_ANALYSIS = YES;
				CLANG_WARN_STRICT_PROTOTYPES = YES;
				CLANG_WARN_SUSPICIOUS_MOVE = YES;
				CLANG_WARN_UNGUARDED_AVAILABILITY = YES_AGGRESSIVE;
				CLANG_WARN_UNREACHABLE_CODE = YES;
				CLANG_WARN__DUPLICATE_METHOD_MATCH = YES;
				COPY_PHASE_STRIP = NO;
				DEBUG_INFORMATION_FORMAT = "dwarf-with-dsym";
				ENABLE_NS_ASSERTIONS = NO;
				ENABLE_STRICT_OBJC_MSGSEND = YES;
				GCC_C_LANGUAGE_STANDARD = gnu11;
				GCC_NO_COMMON_BLOCKS = YES;
				GCC_WARN_64_TO_32_BIT_CONVERSION = YES;
				GCC_WARN_ABOUT_RETURN_TYPE = YES_ERROR;
				GCC_WARN_UNDECLARED_SELECTOR = YES;
				GCC_WARN_UNINITIALIZED_AUTOS = YES_AGGRESSIVE;
				GCC_WARN_UNUSED_FUNCTION = YES;
				GCC_WARN_UNUSED_VARIABLE = YES;
				IPHONEOS_DEPLOYMENT_TARGET = 16.4;
				MTL_ENABLE_DEBUG_INFO = NO;
				MTL_FAST_MATH = YES;
				SDKROOT = iphoneos;
				SWIFT_COMPILATION_MODE = wholemodule;
				SWIFT_OPTIMIZATION_LEVEL = "-O";
				VALIDATE_PRODUCT = YES;
			};
			name = Release;
		};
		FFE3169B2A61D671000432BC /* Debug */ = {
			isa = XCBuildConfiguration;
			buildSettings = {
				ALWAYS_EMBED_SWIFT_STANDARD_LIBRARIES = YES;
				ASSETCATALOG_COMPILER_APPICON_NAME = AppIcon;
				ASSETCATALOG_COMPILER_GLOBAL_ACCENT_COLOR_NAME = AccentColor;
				CODE_SIGN_STYLE = Automatic;
				CURRENT_PROJECT_VERSION = 1;
				DEVELOPMENT_ASSET_PATHS = "\"RepoWatcher/Preview Content\"";
				DEVELOPMENT_TEAM = EU273FP4C6;
				ENABLE_PREVIEWS = YES;
				GENERATE_INFOPLIST_FILE = YES;
				INFOPLIST_KEY_UIApplicationSceneManifest_Generation = YES;
				INFOPLIST_KEY_UIApplicationSupportsIndirectInputEvents = YES;
				INFOPLIST_KEY_UILaunchScreen_Generation = YES;
				INFOPLIST_KEY_UISupportedInterfaceOrientations_iPad = "UIInterfaceOrientationPortrait UIInterfaceOrientationPortraitUpsideDown UIInterfaceOrientationLandscapeLeft UIInterfaceOrientationLandscapeRight";
				INFOPLIST_KEY_UISupportedInterfaceOrientations_iPhone = "UIInterfaceOrientationPortrait UIInterfaceOrientationLandscapeLeft UIInterfaceOrientationLandscapeRight";
				LD_RUNPATH_SEARCH_PATHS = (
					"$(inherited)",
					"@executable_path/Frameworks",
				);
				MARKETING_VERSION = 1.0;
				PRODUCT_BUNDLE_IDENTIFIER = ccvonline.RepoWatcher;
				PRODUCT_NAME = "$(TARGET_NAME)";
				SWIFT_EMIT_LOC_STRINGS = YES;
				SWIFT_VERSION = 5.0;
				TARGETED_DEVICE_FAMILY = "1,2";
			};
			name = Debug;
		};
		FFE3169C2A61D671000432BC /* Release */ = {
			isa = XCBuildConfiguration;
			buildSettings = {
				ALWAYS_EMBED_SWIFT_STANDARD_LIBRARIES = YES;
				ASSETCATALOG_COMPILER_APPICON_NAME = AppIcon;
				ASSETCATALOG_COMPILER_GLOBAL_ACCENT_COLOR_NAME = AccentColor;
				CODE_SIGN_STYLE = Automatic;
				CURRENT_PROJECT_VERSION = 1;
				DEVELOPMENT_ASSET_PATHS = "\"RepoWatcher/Preview Content\"";
				DEVELOPMENT_TEAM = EU273FP4C6;
				ENABLE_PREVIEWS = YES;
				GENERATE_INFOPLIST_FILE = YES;
				INFOPLIST_KEY_UIApplicationSceneManifest_Generation = YES;
				INFOPLIST_KEY_UIApplicationSupportsIndirectInputEvents = YES;
				INFOPLIST_KEY_UILaunchScreen_Generation = YES;
				INFOPLIST_KEY_UISupportedInterfaceOrientations_iPad = "UIInterfaceOrientationPortrait UIInterfaceOrientationPortraitUpsideDown UIInterfaceOrientationLandscapeLeft UIInterfaceOrientationLandscapeRight";
				INFOPLIST_KEY_UISupportedInterfaceOrientations_iPhone = "UIInterfaceOrientationPortrait UIInterfaceOrientationLandscapeLeft UIInterfaceOrientationLandscapeRight";
				LD_RUNPATH_SEARCH_PATHS = (
					"$(inherited)",
					"@executable_path/Frameworks",
				);
				MARKETING_VERSION = 1.0;
				PRODUCT_BUNDLE_IDENTIFIER = ccvonline.RepoWatcher;
				PRODUCT_NAME = "$(TARGET_NAME)";
				SWIFT_EMIT_LOC_STRINGS = YES;
				SWIFT_VERSION = 5.0;
				TARGETED_DEVICE_FAMILY = "1,2";
			};
			name = Release;
		};
		FFE316B32A61D6A4000432BC /* Debug */ = {
			isa = XCBuildConfiguration;
			buildSettings = {
				ASSETCATALOG_COMPILER_GLOBAL_ACCENT_COLOR_NAME = AccentColor;
				ASSETCATALOG_COMPILER_WIDGET_BACKGROUND_COLOR_NAME = WidgetBackground;
				CODE_SIGN_STYLE = Automatic;
				CURRENT_PROJECT_VERSION = 1;
				DEVELOPMENT_TEAM = EU273FP4C6;
				GENERATE_INFOPLIST_FILE = YES;
				INFOPLIST_FILE = RepoWatcherWidget/Info.plist;
				INFOPLIST_KEY_CFBundleDisplayName = RepoWatcherWidget;
				INFOPLIST_KEY_NSHumanReadableCopyright = "";
				LD_RUNPATH_SEARCH_PATHS = (
					"$(inherited)",
					"@executable_path/Frameworks",
					"@executable_path/../../Frameworks",
				);
				MARKETING_VERSION = 1.0;
				PRODUCT_BUNDLE_IDENTIFIER = ccvonline.RepoWatcher.RepoWatcherWidget;
				PRODUCT_NAME = "$(TARGET_NAME)";
				SKIP_INSTALL = YES;
				SWIFT_EMIT_LOC_STRINGS = YES;
				SWIFT_VERSION = 5.0;
				TARGETED_DEVICE_FAMILY = "1,2";
			};
			name = Debug;
		};
		FFE316B42A61D6A4000432BC /* Release */ = {
			isa = XCBuildConfiguration;
			buildSettings = {
				ASSETCATALOG_COMPILER_GLOBAL_ACCENT_COLOR_NAME = AccentColor;
				ASSETCATALOG_COMPILER_WIDGET_BACKGROUND_COLOR_NAME = WidgetBackground;
				CODE_SIGN_STYLE = Automatic;
				CURRENT_PROJECT_VERSION = 1;
				DEVELOPMENT_TEAM = EU273FP4C6;
				GENERATE_INFOPLIST_FILE = YES;
				INFOPLIST_FILE = RepoWatcherWidget/Info.plist;
				INFOPLIST_KEY_CFBundleDisplayName = RepoWatcherWidget;
				INFOPLIST_KEY_NSHumanReadableCopyright = "";
				LD_RUNPATH_SEARCH_PATHS = (
					"$(inherited)",
					"@executable_path/Frameworks",
					"@executable_path/../../Frameworks",
				);
				MARKETING_VERSION = 1.0;
				PRODUCT_BUNDLE_IDENTIFIER = ccvonline.RepoWatcher.RepoWatcherWidget;
				PRODUCT_NAME = "$(TARGET_NAME)";
				SKIP_INSTALL = YES;
				SWIFT_EMIT_LOC_STRINGS = YES;
				SWIFT_VERSION = 5.0;
				TARGETED_DEVICE_FAMILY = "1,2";
			};
			name = Release;
		};
/* End XCBuildConfiguration section */

/* Begin XCConfigurationList section */
		FFE316872A61D66F000432BC /* Build configuration list for PBXProject "RepoWatcher" */ = {
			isa = XCConfigurationList;
			buildConfigurations = (
				FFE316982A61D671000432BC /* Debug */,
				FFE316992A61D671000432BC /* Release */,
			);
			defaultConfigurationIsVisible = 0;
			defaultConfigurationName = Release;
		};
		FFE3169A2A61D671000432BC /* Build configuration list for PBXNativeTarget "RepoWatcher" */ = {
			isa = XCConfigurationList;
			buildConfigurations = (
				FFE3169B2A61D671000432BC /* Debug */,
				FFE3169C2A61D671000432BC /* Release */,
			);
			defaultConfigurationIsVisible = 0;
			defaultConfigurationName = Release;
		};
		FFE316B22A61D6A4000432BC /* Build configuration list for PBXNativeTarget "RepoWatcherWidgetExtension" */ = {
			isa = XCConfigurationList;
			buildConfigurations = (
				FFE316B32A61D6A4000432BC /* Debug */,
				FFE316B42A61D6A4000432BC /* Release */,
			);
			defaultConfigurationIsVisible = 0;
			defaultConfigurationName = Release;
		};
/* End XCConfigurationList section */
	};
	rootObject = FFE316842A61D66F000432BC /* Project object */;
}
