// !$*UTF8*$!
{
	archiveVersion = 1;
	classes = {
	};
	objectVersion = 56;
	objects = {

/* Begin PBXBuildFile section */
		FF2D96EB2A4F5F2300E952F3 /* Landmark.swift in Sources */ = {isa = PBXBuildFile; fileRef = FF2D96EA2A4F5F2300E952F3 /* Landmark.swift */; };
		FF2D96ED2A4F619F00E952F3 /* ModelData.swift in Sources */ = {isa = PBXBuildFile; fileRef = FF2D96EC2A4F619F00E952F3 /* ModelData.swift */; };
		FF2D96F32A4F6C8B00E952F3 /* LandmarkRow.swift in Sources */ = {isa = PBXBuildFile; fileRef = FF2D96F22A4F6C8B00E952F3 /* LandmarkRow.swift */; };
		FF2D96F52A4F6E4A00E952F3 /* LandmarkList.swift in Sources */ = {isa = PBXBuildFile; fileRef = FF2D96F42A4F6E4A00E952F3 /* LandmarkList.swift */; };
		FFACB4432A5DBF60003DC351 /* LandmarkDetail.swift in Sources */ = {isa = PBXBuildFile; fileRef = FFACB4422A5DBF60003DC351 /* LandmarkDetail.swift */; };
		FFCA89252A4F4B1D0022BB25 /* LandmarksApp.swift in Sources */ = {isa = PBXBuildFile; fileRef = FFCA89242A4F4B1D0022BB25 /* LandmarksApp.swift */; };
		FFCA89272A4F4B1D0022BB25 /* ContentView.swift in Sources */ = {isa = PBXBuildFile; fileRef = FFCA89262A4F4B1D0022BB25 /* ContentView.swift */; };
		FFCA89292A4F4B1E0022BB25 /* Assets.xcassets in Resources */ = {isa = PBXBuildFile; fileRef = FFCA89282A4F4B1E0022BB25 /* Assets.xcassets */; };
		FFCA892C2A4F4B1E0022BB25 /* Preview Assets.xcassets in Resources */ = {isa = PBXBuildFile; fileRef = FFCA892B2A4F4B1E0022BB25 /* Preview Assets.xcassets */; };
		FFCA89332A4F52350022BB25 /* CircleImage.swift in Sources */ = {isa = PBXBuildFile; fileRef = FFCA89322A4F52350022BB25 /* CircleImage.swift */; };
		FFCA89352A4F53440022BB25 /* MapView.swift in Sources */ = {isa = PBXBuildFile; fileRef = FFCA89342A4F53440022BB25 /* MapView.swift */; };
		FFCA89372A4F594E0022BB25 /* landmarkData.json in Resources */ = {isa = PBXBuildFile; fileRef = FFCA89362A4F594E0022BB25 /* landmarkData.json */; };
/* End PBXBuildFile section */

/* Begin PBXFileReference section */
		FF2D96EA2A4F5F2300E952F3 /* Landmark.swift */ = {isa = PBXFileReference; lastKnownFileType = sourcecode.swift; path = Landmark.swift; sourceTree = "<group>"; };
		FF2D96EC2A4F619F00E952F3 /* ModelData.swift */ = {isa = PBXFileReference; lastKnownFileType = sourcecode.swift; path = ModelData.swift; sourceTree = "<group>"; };
		FF2D96F22A4F6C8B00E952F3 /* LandmarkRow.swift */ = {isa = PBXFileReference; lastKnownFileType = sourcecode.swift; path = LandmarkRow.swift; sourceTree = "<group>"; };
		FF2D96F42A4F6E4A00E952F3 /* LandmarkList.swift */ = {isa = PBXFileReference; lastKnownFileType = sourcecode.swift; path = LandmarkList.swift; sourceTree = "<group>"; };
		FFACB4422A5DBF60003DC351 /* LandmarkDetail.swift */ = {isa = PBXFileReference; lastKnownFileType = sourcecode.swift; path = LandmarkDetail.swift; sourceTree = "<group>"; };
		FFCA89212A4F4B1D0022BB25 /* Landmarks.app */ = {isa = PBXFileReference; explicitFileType = wrapper.application; includeInIndex = 0; path = Landmarks.app; sourceTree = BUILT_PRODUCTS_DIR; };
		FFCA89242A4F4B1D0022BB25 /* LandmarksApp.swift */ = {isa = PBXFileReference; lastKnownFileType = sourcecode.swift; path = LandmarksApp.swift; sourceTree = "<group>"; };
		FFCA89262A4F4B1D0022BB25 /* ContentView.swift */ = {isa = PBXFileReference; lastKnownFileType = sourcecode.swift; path = ContentView.swift; sourceTree = "<group>"; };
		FFCA89282A4F4B1E0022BB25 /* Assets.xcassets */ = {isa = PBXFileReference; lastKnownFileType = folder.assetcatalog; path = Assets.xcassets; sourceTree = "<group>"; };
		FFCA892B2A4F4B1E0022BB25 /* Preview Assets.xcassets */ = {isa = PBXFileReference; lastKnownFileType = folder.assetcatalog; path = "Preview Assets.xcassets"; sourceTree = "<group>"; };
		FFCA89322A4F52350022BB25 /* CircleImage.swift */ = {isa = PBXFileReference; lastKnownFileType = sourcecode.swift; path = CircleImage.swift; sourceTree = "<group>"; };
		FFCA89342A4F53440022BB25 /* MapView.swift */ = {isa = PBXFileReference; lastKnownFileType = sourcecode.swift; path = MapView.swift; sourceTree = "<group>"; };
		FFCA89362A4F594E0022BB25 /* landmarkData.json */ = {isa = PBXFileReference; fileEncoding = 4; lastKnownFileType = text.json; path = landmarkData.json; sourceTree = "<group>"; };
/* End PBXFileReference section */

/* Begin PBXFrameworksBuildPhase section */
		FFCA891E2A4F4B1D0022BB25 /* Frameworks */ = {
			isa = PBXFrameworksBuildPhase;
			buildActionMask = 2147483647;
			files = (
			);
			runOnlyForDeploymentPostprocessing = 0;
		};
/* End PBXFrameworksBuildPhase section */

/* Begin PBXGroup section */
		FF2D96EF2A4F62DD00E952F3 /* Views */ = {
			isa = PBXGroup;
			children = (
				FFCA89342A4F53440022BB25 /* MapView.swift */,
				FFCA89262A4F4B1D0022BB25 /* ContentView.swift */,
				FFCA89322A4F52350022BB25 /* CircleImage.swift */,
				FF2D96F22A4F6C8B00E952F3 /* LandmarkRow.swift */,
				FF2D96F42A4F6E4A00E952F3 /* LandmarkList.swift */,
				FFACB4422A5DBF60003DC351 /* LandmarkDetail.swift */,
			);
			path = Views;
			sourceTree = "<group>";
		};
		FF2D96F02A4F62EF00E952F3 /* Models */ = {
			isa = PBXGroup;
			children = (
				FF2D96EA2A4F5F2300E952F3 /* Landmark.swift */,
				FF2D96EC2A4F619F00E952F3 /* ModelData.swift */,
			);
			path = Models;
			sourceTree = "<group>";
		};
		FF2D96F12A4F62FE00E952F3 /* Resources */ = {
			isa = PBXGroup;
			children = (
				FFCA89362A4F594E0022BB25 /* landmarkData.json */,
			);
			path = Resources;
			sourceTree = "<group>";
		};
		FFCA89182A4F4B1D0022BB25 = {
			isa = PBXGroup;
			children = (
				FFCA89232A4F4B1D0022BB25 /* Landmarks */,
				FFCA89222A4F4B1D0022BB25 /* Products */,
			);
			sourceTree = "<group>";
		};
		FFCA89222A4F4B1D0022BB25 /* Products */ = {
			isa = PBXGroup;
			children = (
				FFCA89212A4F4B1D0022BB25 /* Landmarks.app */,
			);
			name = Products;
			sourceTree = "<group>";
		};
		FFCA89232A4F4B1D0022BB25 /* Landmarks */ = {
			isa = PBXGroup;
			children = (
				FF2D96F12A4F62FE00E952F3 /* Resources */,
				FFCA89242A4F4B1D0022BB25 /* LandmarksApp.swift */,
				FF2D96EF2A4F62DD00E952F3 /* Views */,
				FF2D96F02A4F62EF00E952F3 /* Models */,
				FFCA89282A4F4B1E0022BB25 /* Assets.xcassets */,
				FFCA892A2A4F4B1E0022BB25 /* Preview Content */,
			);
			path = Landmarks;
			sourceTree = "<group>";
		};
		FFCA892A2A4F4B1E0022BB25 /* Preview Content */ = {
			isa = PBXGroup;
			children = (
				FFCA892B2A4F4B1E0022BB25 /* Preview Assets.xcassets */,
			);
			path = "Preview Content";
			sourceTree = "<group>";
		};
/* End PBXGroup section */

/* Begin PBXNativeTarget section */
		FFCA89202A4F4B1D0022BB25 /* Landmarks */ = {
			isa = PBXNativeTarget;
			buildConfigurationList = FFCA892F2A4F4B1E0022BB25 /* Build configuration list for PBXNativeTarget "Landmarks" */;
			buildPhases = (
				FFCA891D2A4F4B1D0022BB25 /* Sources */,
				FFCA891E2A4F4B1D0022BB25 /* Frameworks */,
				FFCA891F2A4F4B1D0022BB25 /* Resources */,
			);
			buildRules = (
			);
			dependencies = (
			);
			name = Landmarks;
			productName = Landmarks;
			productReference = FFCA89212A4F4B1D0022BB25 /* Landmarks.app */;
			productType = "com.apple.product-type.application";
		};
/* End PBXNativeTarget section */

/* Begin PBXProject section */
		FFCA89192A4F4B1D0022BB25 /* Project object */ = {
			isa = PBXProject;
			attributes = {
				BuildIndependentTargetsInParallel = 1;
				LastSwiftUpdateCheck = 1430;
				LastUpgradeCheck = 1430;
				TargetAttributes = {
					FFCA89202A4F4B1D0022BB25 = {
						CreatedOnToolsVersion = 14.3.1;
					};
				};
			};
			buildConfigurationList = FFCA891C2A4F4B1D0022BB25 /* Build configuration list for PBXProject "Landmarks" */;
			compatibilityVersion = "Xcode 14.0";
			developmentRegion = en;
			hasScannedForEncodings = 0;
			knownRegions = (
				en,
				Base,
			);
			mainGroup = FFCA89182A4F4B1D0022BB25;
			productRefGroup = FFCA89222A4F4B1D0022BB25 /* Products */;
			projectDirPath = "";
			projectRoot = "";
			targets = (
				FFCA89202A4F4B1D0022BB25 /* Landmarks */,
			);
		};
/* End PBXProject section */

/* Begin PBXResourcesBuildPhase section */
		FFCA891F2A4F4B1D0022BB25 /* Resources */ = {
			isa = PBXResourcesBuildPhase;
			buildActionMask = 2147483647;
			files = (
				FFCA892C2A4F4B1E0022BB25 /* Preview Assets.xcassets in Resources */,
				FFCA89292A4F4B1E0022BB25 /* Assets.xcassets in Resources */,
				FFCA89372A4F594E0022BB25 /* landmarkData.json in Resources */,
			);
			runOnlyForDeploymentPostprocessing = 0;
		};
/* End PBXResourcesBuildPhase section */

/* Begin PBXSourcesBuildPhase section */
		FFCA891D2A4F4B1D0022BB25 /* Sources */ = {
			isa = PBXSourcesBuildPhase;
			buildActionMask = 2147483647;
			files = (
				FFCA89272A4F4B1D0022BB25 /* ContentView.swift in Sources */,
				FFCA89352A4F53440022BB25 /* MapView.swift in Sources */,
				FFCA89252A4F4B1D0022BB25 /* LandmarksApp.swift in Sources */,
				FF2D96F52A4F6E4A00E952F3 /* LandmarkList.swift in Sources */,
				FFACB4432A5DBF60003DC351 /* LandmarkDetail.swift in Sources */,
				FFCA89332A4F52350022BB25 /* CircleImage.swift in Sources */,
				FF2D96EB2A4F5F2300E952F3 /* Landmark.swift in Sources */,
				FF2D96F32A4F6C8B00E952F3 /* LandmarkRow.swift in Sources */,
				FF2D96ED2A4F619F00E952F3 /* ModelData.swift in Sources */,
			);
			runOnlyForDeploymentPostprocessing = 0;
		};
/* End PBXSourcesBuildPhase section */

/* Begin XCBuildConfiguration section */
		FFCA892D2A4F4B1E0022BB25 /* Debug */ = {
			isa = XCBuildConfiguration;
			buildSettings = {
				ALWAYS_SEARCH_USER_PATHS = NO;
				CLANG_ANALYZER_NONNULL = YES;
				CLANG_ANALYZER_NUMBER_OBJECT_CONVERSION = YES_AGGRESSIVE;
				CLANG_CXX_LANGUAGE_STANDARD = "gnu++20";
				CLANG_ENABLE_MODULES = YES;
				CLANG_ENABLE_OBJC_ARC = YES;
				CLANG_ENABLE_OBJC_WEAK = YES;
				CLANG_WARN_BLOCK_CAPTURE_AUTORELEASING = YES;
				CLANG_WARN_BOOL_CONVERSION = YES;
				CLANG_WARN_COMMA = YES;
				CLANG_WARN_CONSTANT_CONVERSION = YES;
				CLANG_WARN_DEPRECATED_OBJC_IMPLEMENTATIONS = YES;
				CLANG_WARN_DIRECT_OBJC_ISA_USAGE = YES_ERROR;
				CLANG_WARN_DOCUMENTATION_COMMENTS = YES;
				CLANG_WARN_EMPTY_BODY = YES;
				CLANG_WARN_ENUM_CONVERSION = YES;
				CLANG_WARN_INFINITE_RECURSION = YES;
				CLANG_WARN_INT_CONVERSION = YES;
				CLANG_WARN_NON_LITERAL_NULL_CONVERSION = YES;
				CLANG_WARN_OBJC_IMPLICIT_RETAIN_SELF = YES;
				CLANG_WARN_OBJC_LITERAL_CONVERSION = YES;
				CLANG_WARN_OBJC_ROOT_CLASS = YES_ERROR;
				CLANG_WARN_QUOTED_INCLUDE_IN_FRAMEWORK_HEADER = YES;
				CLANG_WARN_RANGE_LOOP_ANALYSIS = YES;
				CLANG_WARN_STRICT_PROTOTYPES = YES;
				CLANG_WARN_SUSPICIOUS_MOVE = YES;
				CLANG_WARN_UNGUARDED_AVAILABILITY = YES_AGGRESSIVE;
				CLANG_WARN_UNREACHABLE_CODE = YES;
				CLANG_WARN__DUPLICATE_METHOD_MATCH = YES;
				COPY_PHASE_STRIP = NO;
				DEBUG_INFORMATION_FORMAT = dwarf;
				ENABLE_STRICT_OBJC_MSGSEND = YES;
				ENABLE_TESTABILITY = YES;
				GCC_C_LANGUAGE_STANDARD = gnu11;
				GCC_DYNAMIC_NO_PIC = NO;
				GCC_NO_COMMON_BLOCKS = YES;
				GCC_OPTIMIZATION_LEVEL = 0;
				GCC_PREPROCESSOR_DEFINITIONS = (
					"DEBUG=1",
					"$(inherited)",
				);
				GCC_WARN_64_TO_32_BIT_CONVERSION = YES;
				GCC_WARN_ABOUT_RETURN_TYPE = YES_ERROR;
				GCC_WARN_UNDECLARED_SELECTOR = YES;
				GCC_WARN_UNINITIALIZED_AUTOS = YES_AGGRESSIVE;
				GCC_WARN_UNUSED_FUNCTION = YES;
				GCC_WARN_UNUSED_VARIABLE = YES;
				IPHONEOS_DEPLOYMENT_TARGET = 16.4;
				MTL_ENABLE_DEBUG_INFO = INCLUDE_SOURCE;
				MTL_FAST_MATH = YES;
				ONLY_ACTIVE_ARCH = YES;
				SDKROOT = iphoneos;
				SWIFT_ACTIVE_COMPILATION_CONDITIONS = DEBUG;
				SWIFT_OPTIMIZATION_LEVEL = "-Onone";
			};
			name = Debug;
		};
		FFCA892E2A4F4B1E0022BB25 /* Release */ = {
			isa = XCBuildConfiguration;
			buildSettings = {
				ALWAYS_SEARCH_USER_PATHS = NO;
				CLANG_ANALYZER_NONNULL = YES;
				CLANG_ANALYZER_NUMBER_OBJECT_CONVERSION = YES_AGGRESSIVE;
				CLANG_CXX_LANGUAGE_STANDARD = "gnu++20";
				CLANG_ENABLE_MODULES = YES;
				CLANG_ENABLE_OBJC_ARC = YES;
				CLANG_ENABLE_OBJC_WEAK = YES;
				CLANG_WARN_BLOCK_CAPTURE_AUTORELEASING = YES;
				CLANG_WARN_BOOL_CONVERSION = YES;
				CLANG_WARN_COMMA = YES;
				CLANG_WARN_CONSTANT_CONVERSION = YES;
				CLANG_WARN_DEPRECATED_OBJC_IMPLEMENTATIONS = YES;
				CLANG_WARN_DIRECT_OBJC_ISA_USAGE = YES_ERROR;
				CLANG_WARN_DOCUMENTATION_COMMENTS = YES;
				CLANG_WARN_EMPTY_BODY = YES;
				CLANG_WARN_ENUM_CONVERSION = YES;
				CLANG_WARN_INFINITE_RECURSION = YES;
				CLANG_WARN_INT_CONVERSION = YES;
				CLANG_WARN_NON_LITERAL_NULL_CONVERSION = YES;
				CLANG_WARN_OBJC_IMPLICIT_RETAIN_SELF = YES;
				CLANG_WARN_OBJC_LITERAL_CONVERSION = YES;
				CLANG_WARN_OBJC_ROOT_CLASS = YES_ERROR;
				CLANG_WARN_QUOTED_INCLUDE_IN_FRAMEWORK_HEADER = YES;
				CLANG_WARN_RANGE_LOOP_ANALYSIS = YES;
				CLANG_WARN_STRICT_PROTOTYPES = YES;
				CLANG_WARN_SUSPICIOUS_MOVE = YES;
				CLANG_WARN_UNGUARDED_AVAILABILITY = YES_AGGRESSIVE;
				CLANG_WARN_UNREACHABLE_CODE = YES;
				CLANG_WARN__DUPLICATE_METHOD_MATCH = YES;
				COPY_PHASE_STRIP = NO;
				DEBUG_INFORMATION_FORMAT = "dwarf-with-dsym";
				ENABLE_NS_ASSERTIONS = NO;
				ENABLE_STRICT_OBJC_MSGSEND = YES;
				GCC_C_LANGUAGE_STANDARD = gnu11;
				GCC_NO_COMMON_BLOCKS = YES;
				GCC_WARN_64_TO_32_BIT_CONVERSION = YES;
				GCC_WARN_ABOUT_RETURN_TYPE = YES_ERROR;
				GCC_WARN_UNDECLARED_SELECTOR = YES;
				GCC_WARN_UNINITIALIZED_AUTOS = YES_AGGRESSIVE;
				GCC_WARN_UNUSED_FUNCTION = YES;
				GCC_WARN_UNUSED_VARIABLE = YES;
				IPHONEOS_DEPLOYMENT_TARGET = 16.4;
				MTL_ENABLE_DEBUG_INFO = NO;
				MTL_FAST_MATH = YES;
				SDKROOT = iphoneos;
				SWIFT_COMPILATION_MODE = wholemodule;
				SWIFT_OPTIMIZATION_LEVEL = "-O";
				VALIDATE_PRODUCT = YES;
			};
			name = Release;
		};
		FFCA89302A4F4B1E0022BB25 /* Debug */ = {
			isa = XCBuildConfiguration;
			buildSettings = {
				ASSETCATALOG_COMPILER_APPICON_NAME = AppIcon;
				ASSETCATALOG_COMPILER_GLOBAL_ACCENT_COLOR_NAME = AccentColor;
				CODE_SIGN_STYLE = Automatic;
				CURRENT_PROJECT_VERSION = 1;
				DEVELOPMENT_ASSET_PATHS = "\"Landmarks/Preview Content\"";
				DEVELOPMENT_TEAM = EU273FP4C6;
				ENABLE_PREVIEWS = YES;
				GENERATE_INFOPLIST_FILE = YES;
				INFOPLIST_KEY_UIApplicationSceneManifest_Generation = YES;
				INFOPLIST_KEY_UIApplicationSupportsIndirectInputEvents = YES;
				INFOPLIST_KEY_UILaunchScreen_Generation = YES;
				INFOPLIST_KEY_UISupportedInterfaceOrientations_iPad = "UIInterfaceOrientationPortrait UIInterfaceOrientationPortraitUpsideDown UIInterfaceOrientationLandscapeLeft UIInterfaceOrientationLandscapeRight";
				INFOPLIST_KEY_UISupportedInterfaceOrientations_iPhone = "UIInterfaceOrientationPortrait UIInterfaceOrientationLandscapeLeft UIInterfaceOrientationLandscapeRight";
				LD_RUNPATH_SEARCH_PATHS = (
					"$(inherited)",
					"@executable_path/Frameworks",
				);
				MARKETING_VERSION = 1.0;
				PRODUCT_BUNDLE_IDENTIFIER = com.ccvonline.Landmarks;
				PRODUCT_NAME = "$(TARGET_NAME)";
				SWIFT_EMIT_LOC_STRINGS = YES;
				SWIFT_VERSION = 5.0;
				TARGETED_DEVICE_FAMILY = "1,2";
			};
			name = Debug;
		};
		FFCA89312A4F4B1E0022BB25 /* Release */ = {
			isa = XCBuildConfiguration;
			buildSettings = {
				ASSETCATALOG_COMPILER_APPICON_NAME = AppIcon;
				ASSETCATALOG_COMPILER_GLOBAL_ACCENT_COLOR_NAME = AccentColor;
				CODE_SIGN_STYLE = Automatic;
				CURRENT_PROJECT_VERSION = 1;
				DEVELOPMENT_ASSET_PATHS = "\"Landmarks/Preview Content\"";
				DEVELOPMENT_TEAM = EU273FP4C6;
				ENABLE_PREVIEWS = YES;
				GENERATE_INFOPLIST_FILE = YES;
				INFOPLIST_KEY_UIApplicationSceneManifest_Generation = YES;
				INFOPLIST_KEY_UIApplicationSupportsIndirectInputEvents = YES;
				INFOPLIST_KEY_UILaunchScreen_Generation = YES;
				INFOPLIST_KEY_UISupportedInterfaceOrientations_iPad = "UIInterfaceOrientationPortrait UIInterfaceOrientationPortraitUpsideDown UIInterfaceOrientationLandscapeLeft UIInterfaceOrientationLandscapeRight";
				INFOPLIST_KEY_UISupportedInterfaceOrientations_iPhone = "UIInterfaceOrientationPortrait UIInterfaceOrientationLandscapeLeft UIInterfaceOrientationLandscapeRight";
				LD_RUNPATH_SEARCH_PATHS = (
					"$(inherited)",
					"@executable_path/Frameworks",
				);
				MARKETING_VERSION = 1.0;
				PRODUCT_BUNDLE_IDENTIFIER = com.ccvonline.Landmarks;
				PRODUCT_NAME = "$(TARGET_NAME)";
				SWIFT_EMIT_LOC_STRINGS = YES;
				SWIFT_VERSION = 5.0;
				TARGETED_DEVICE_FAMILY = "1,2";
			};
			name = Release;
		};
/* End XCBuildConfiguration section */

/* Begin XCConfigurationList section */
		FFCA891C2A4F4B1D0022BB25 /* Build configuration list for PBXProject "Landmarks" */ = {
			isa = XCConfigurationList;
			buildConfigurations = (
				FFCA892D2A4F4B1E0022BB25 /* Debug */,
				FFCA892E2A4F4B1E0022BB25 /* Release */,
			);
			defaultConfigurationIsVisible = 0;
			defaultConfigurationName = Release;
		};
		FFCA892F2A4F4B1E0022BB25 /* Build configuration list for PBXNativeTarget "Landmarks" */ = {
			isa = XCConfigurationList;
			buildConfigurations = (
				FFCA89302A4F4B1E0022BB25 /* Debug */,
				FFCA89312A4F4B1E0022BB25 /* Release */,
			);
			defaultConfigurationIsVisible = 0;
			defaultConfigurationName = Release;
		};
/* End XCConfigurationList section */
	};
	rootObject = FFCA89192A4F4B1D0022BB25 /* Project object */;
}
